
Microsoft Visual Studio Solution File, Format Version 12.00
# Visual Studio 15
VisualStudioVersion = 15.0.28010.2036
MinimumVisualStudioVersion = 10.0.40219.1
Project("{FAE04EC0-301F-11D3-BF4B-00C04F79EFBC}") = "SignalRChat", "SignalRChat\SignalRChat.csproj", "{5FFB2E58-1DD8-4E00-8DF5-E7939949CCF7}"
EndProject
Global
	GlobalSection(SolutionConfigurationPlatforms) = preSolution
		Debug|Any CPU = Debug|Any CPU
		Release|Any CPU = Release|Any CPU
	EndGlobalSection
	GlobalSection(ProjectConfigurationPlatforms) = postSolution
		{5FFB2E58-1DD8-4E00-8DF5-E7939949CCF7}.Debug|Any CPU.ActiveCfg = Debug|Any CPU
		{5FFB2E58-1DD8-4E00-8DF5-E7939949CCF7}.Debug|Any CPU.Build.0 = Debug|Any CPU
		{5FFB2E58-1DD8-4E00-8DF5-E7939949CCF7}.Release|Any CPU.ActiveCfg = Release|Any CPU
		{5FFB2E58-1DD8-4E00-8DF5-E7939949CCF7}.Release|Any CPU.Build.0 = Release|Any CPU
	EndGlobalSection
	GlobalSection(SolutionProperties) = preSolution
		HideSolutionNode = FALSE
	EndGlobalSection
	GlobalSection(ExtensibilityGlobals) = postSolution
		SolutionGuid = {930F7454-8951-48FA-B643-1F165E44CEA2}
	EndGlobalSection
EndGlobal
